
Microsoft Visual Studio Solution File, Format Version 12.00
# Visual Studio Version 17
VisualStudioVersion = 17.8.34330.188
MinimumVisualStudioVersion = 10.0.40219.1
Project("{FAE04EC0-301F-11D3-BF4B-00C04F79EFBC}") = "исрпо лаб3", "исрпо лаб3.csproj", "{7BDE4227-3D4D-465B-A3E6-35814C58F339}"
EndProject
Global
	GlobalSection(SolutionConfigurationPlatforms) = preSolution
		Debug|Any CPU = Debug|Any CPU
		Release|Any CPU = Release|Any CPU
	EndGlobalSection
	GlobalSection(ProjectConfigurationPlatforms) = postSolution
		{7BDE4227-3D4D-465B-A3E6-35814C58F339}.Debug|Any CPU.ActiveCfg = Debug|Any CPU
		{7BDE4227-3D4D-465B-A3E6-35814C58F339}.Debug|Any CPU.Build.0 = Debug|Any CPU
		{7BDE4227-3D4D-465B-A3E6-35814C58F339}.Release|Any CPU.ActiveCfg = Release|Any CPU
		{7BDE4227-3D4D-465B-A3E6-35814C58F339}.Release|Any CPU.Build.0 = Release|Any CPU
	EndGlobalSection
	GlobalSection(SolutionProperties) = preSolution
		HideSolutionNode = FALSE
	EndGlobalSection
	GlobalSection(ExtensibilityGlobals) = postSolution
		SolutionGuid = {852BFDDC-854E-4AED-98DD-EC65510A92D9}
	EndGlobalSection
EndGlobal
